
Microsoft Visual Studio Solution File, Format Version 12.00
# Visual Studio Version 17
VisualStudioVersion = 17.4.33213.308
MinimumVisualStudioVersion = 10.0.40219.1
Project("{FAE04EC0-301F-11D3-BF4B-00C04F79EFBC}") = "Portifolio.API", "Portifolio.API.csproj", "{EF8AB630-74F0-4B7B-929B-537871B28643}"
EndProject
Project("{2150E333-8FDC-42A3-9474-1A3956D46DE8}") = "Itens de Solução", "Itens de Solução", "{09F91314-9220-4D0D-9205-7FC0598BE12E}"
	ProjectSection(SolutionItems) = preProject
		PortifolioContext.cs = PortifolioContext.cs
	EndProjectSection
EndProject
Global
	GlobalSection(SolutionConfigurationPlatforms) = preSolution
		Debug|Any CPU = Debug|Any CPU
		Release|Any CPU = Release|Any CPU
	EndGlobalSection
	GlobalSection(ProjectConfigurationPlatforms) = postSolution
		{EF8AB630-74F0-4B7B-929B-537871B28643}.Debug|Any CPU.ActiveCfg = Debug|Any CPU
		{EF8AB630-74F0-4B7B-929B-537871B28643}.Debug|Any CPU.Build.0 = Debug|Any CPU
		{EF8AB630-74F0-4B7B-929B-537871B28643}.Release|Any CPU.ActiveCfg = Release|Any CPU
		{EF8AB630-74F0-4B7B-929B-537871B28643}.Release|Any CPU.Build.0 = Release|Any CPU
	EndGlobalSection
	GlobalSection(SolutionProperties) = preSolution
		HideSolutionNode = FALSE
	EndGlobalSection
	GlobalSection(ExtensibilityGlobals) = postSolution
		SolutionGuid = {C202397D-F032-4494-B48C-58CED94A0A52}
	EndGlobalSection
EndGlobal
